
Microsoft Visual Studio Solution File, Format Version 12.00
# Visual Studio Version 17
VisualStudioVersion = 17.10.35013.160
MinimumVisualStudioVersion = 10.0.40219.1
Project("{FAE04EC0-301F-11D3-BF4B-00C04F79EFBC}") = "APirateIsFree", "APirateIsFree\APirateIsFree.csproj", "{3D8EE7D1-A3C0-41B8-AF40-4F1256E14C14}"
EndProject
Global
	GlobalSection(SolutionConfigurationPlatforms) = preSolution
		Debug|Any CPU = Debug|Any CPU
		Release|Any CPU = Release|Any CPU
	EndGlobalSection
	GlobalSection(ProjectConfigurationPlatforms) = postSolution
		{3D8EE7D1-A3C0-41B8-AF40-4F1256E14C14}.Debug|Any CPU.ActiveCfg = Debug|Any CPU
		{3D8EE7D1-A3C0-41B8-AF40-4F1256E14C14}.Debug|Any CPU.Build.0 = Debug|Any CPU
		{3D8EE7D1-A3C0-41B8-AF40-4F1256E14C14}.Release|Any CPU.ActiveCfg = Release|Any CPU
		{3D8EE7D1-A3C0-41B8-AF40-4F1256E14C14}.Release|Any CPU.Build.0 = Release|Any CPU
	EndGlobalSection
	GlobalSection(SolutionProperties) = preSolution
		HideSolutionNode = FALSE
	EndGlobalSection
	GlobalSection(ExtensibilityGlobals) = postSolution
		SolutionGuid = {6E1C0E3D-5C21-4FDB-B5F8-66D90E3B0A32}
	EndGlobalSection
EndGlobal
